PODS:
  - Kingfisher (5.4.0)
  - PromiseKit (6.8.5):
    - PromiseKit/CorePromise (= 6.8.5)
    - PromiseKit/Foundation (= 6.8.5)
    - PromiseKit/UIKit (= 6.8.5)
  - PromiseKit/CorePromise (6.8.5)
  - PromiseKit/Foundation (6.8.5):
    - PromiseKit/CorePromise
  - PromiseKit/UIKit (6.8.5):
    - PromiseKit/CorePromise
  - SwiftFormat/CLI (0.40.9)
  - SwiftLint (0.33.0)

DEPENDENCIES:
  - Kingfisher (~> 5.4.0)
  - PromiseKit (~> 6.8.4)
  - SwiftFormat/CLI (~> 0.40.9)
  - SwiftLint

SPEC REPOS:
  https://github.com/cocoapods/specs.git:
    - Kingfisher
    - PromiseKit
    - SwiftFormat
    - SwiftLint

SPEC CHECKSUMS:
  Kingfisher: 9c8f2cc6710334e06f32ba2b45e77707d5e2f0c9
  PromiseKit: 9616b0afef31eae56ab9ce044c8ec2b8612a15cd
  SwiftFormat: 6b67b6e7fe73d664f0cbb4f13721f130462c86a5
  SwiftLint: fed9c66336e41fc74dc48a73678380718f0c8b0e

PODFILE CHECKSUM: 2b1e314121753408ad5b3496a28e171cfecc3a03

COCOAPODS: 1.7.2
