PODS:
  - CocoaLumberjack/Core (3.6.1)
  - CocoaLumberjack/Swift (3.6.1):
    - CocoaLumberjack/Core
  - KeychainAccess (4.1.0)
  - Nuke (8.4.1)
  - ReachabilitySwift (5.0.0)
  - SwiftFormat/CLI (0.40.9)
  - SwiftLint (0.33.0)

DEPENDENCIES:
  - CocoaLumberjack/Swift
  - KeychainAccess (~> 4.1.0)
  - Nuke (~> 8.4.1)
  - ReachabilitySwift
  - SwiftFormat/CLI (~> 0.40.9)
  - SwiftLint

SPEC REPOS:
  https://github.com/CocoaPods/Specs.git:
    - SwiftFormat
    - SwiftLint
  trunk:
    - CocoaLumberjack
    - KeychainAccess
    - Nuke
    - ReachabilitySwift

SPEC CHECKSUMS:
  CocoaLumberjack: b17ae15142558d08bbacf69775fa10c4abbebcc9
  KeychainAccess: 445e28864fe6d3458b41fa211bcdc39890e8bd5a
  Nuke: d780e3507a86b86c589ab3cc5cd302d5456f06fb
  ReachabilitySwift: 985039c6f7b23a1da463388634119492ff86c825
  SwiftFormat: 6b67b6e7fe73d664f0cbb4f13721f130462c86a5
  SwiftLint: fed9c66336e41fc74dc48a73678380718f0c8b0e

PODFILE CHECKSUM: e80b055b782feadf8a435af7d02dd62860179484

COCOAPODS: 1.9.1
