// !$*UTF8*$!
{
	archiveVersion = 1;
	classes = {
	};
	objectVersion = 51;
	objects = {

/* Begin PBXBuildFile section */
		7203BAD22437C48300484B5B /* LastCameraConnectionViewController.swift in Sources */ = {isa = PBXBuildFile; fileRef = 7203BAD12437C48300484B5B /* LastCameraConnectionViewController.swift */; };
		7203BAD42437D16700484B5B /* UIColor+Extensions.swift in Sources */ = {isa = PBXBuildFile; fileRef = 7203BAD32437D16700484B5B /* UIColor+Extensions.swift */; };
		7210533424343BBA006B4F32 /* Log.swift in Sources */ = {isa = PBXBuildFile; fileRef = 7210533324343BBA006B4F32 /* Log.swift */; };
		7210533624343BD4006B4F32 /* LogFormatter.swift in Sources */ = {isa = PBXBuildFile; fileRef = 7210533524343BD4006B4F32 /* LogFormatter.swift */; };
		721053382434455C006B4F32 /* MediaURLGrouper.swift in Sources */ = {isa = PBXBuildFile; fileRef = 721053372434455C006B4F32 /* MediaURLGrouper.swift */; };
		7213B896243514FC00C401A9 /* SceneDelegate.swift in Sources */ = {isa = PBXBuildFile; fileRef = 7213B895243514FC00C401A9 /* SceneDelegate.swift */; };
		7213B898243518F700C401A9 /* Colors.swift in Sources */ = {isa = PBXBuildFile; fileRef = 7213B897243518F700C401A9 /* Colors.swift */; };
		7213B89B2435387C00C401A9 /* CameraConnection.swift in Sources */ = {isa = PBXBuildFile; fileRef = 7213B89A2435387C00C401A9 /* CameraConnection.swift */; };
		7213B89E2436261E00C401A9 /* CameraConnectViewModel.swift in Sources */ = {isa = PBXBuildFile; fileRef = 7213B89D2436261E00C401A9 /* CameraConnectViewModel.swift */; };
		7213B8A024362CCD00C401A9 /* CameraConnectViewController.swift in Sources */ = {isa = PBXBuildFile; fileRef = 7213B89F24362CCD00C401A9 /* CameraConnectViewController.swift */; };
		7213B8A224362ED600C401A9 /* Keychain.swift in Sources */ = {isa = PBXBuildFile; fileRef = 7213B8A124362ED600C401A9 /* Keychain.swift */; };
		7213B8A5243642A900C401A9 /* ApplicationViewModel.swift in Sources */ = {isa = PBXBuildFile; fileRef = 7213B8A4243642A900C401A9 /* ApplicationViewModel.swift */; };
		721CE35F2436BD3B00A086E7 /* SwitchableBox.swift in Sources */ = {isa = PBXBuildFile; fileRef = 721CE35E2436BD3B00A086E7 /* SwitchableBox.swift */; };
		721CE3612436BD6D00A086E7 /* SimulatorValueBox.swift in Sources */ = {isa = PBXBuildFile; fileRef = 721CE3602436BD6D00A086E7 /* SimulatorValueBox.swift */; };
		721CE3642436D0A000A086E7 /* AirPodsDialogPresentationController.swift in Sources */ = {isa = PBXBuildFile; fileRef = 721CE3632436D0A000A086E7 /* AirPodsDialogPresentationController.swift */; };
		721CE3662436D0EC00A086E7 /* AirPodsDialogContainerViewController.swift in Sources */ = {isa = PBXBuildFile; fileRef = 721CE3652436D0EC00A086E7 /* AirPodsDialogContainerViewController.swift */; };
		721CE3682436D18200A086E7 /* AirPodsDialogSlideUpPresenter.swift in Sources */ = {isa = PBXBuildFile; fileRef = 721CE3672436D18200A086E7 /* AirPodsDialogSlideUpPresenter.swift */; };
		721CE36A2436D20600A086E7 /* SlideUpTransitionAnimator.swift in Sources */ = {isa = PBXBuildFile; fileRef = 721CE3692436D20600A086E7 /* SlideUpTransitionAnimator.swift */; };
		721CE36C2436E1A900A086E7 /* UIEdgeInsets+Extensions.swift in Sources */ = {isa = PBXBuildFile; fileRef = 721CE36B2436E1A900A086E7 /* UIEdgeInsets+Extensions.swift */; };
		7225C0E322E3C9DE0054DEE0 /* NetworkExtension.framework in Frameworks */ = {isa = PBXBuildFile; fileRef = 7225C0E222E3C9DE0054DEE0 /* NetworkExtension.framework */; };
		7238183824340EA400C7B174 /* Decoder.swift in Sources */ = {isa = PBXBuildFile; fileRef = 7238183724340EA400C7B174 /* Decoder.swift */; };
		7238183A24341A9200C7B174 /* Folder.swift in Sources */ = {isa = PBXBuildFile; fileRef = 7238183924341A9200C7B174 /* Folder.swift */; };
		7238183C24341AB000C7B174 /* MediaGroup.swift in Sources */ = {isa = PBXBuildFile; fileRef = 7238183B24341AB000C7B174 /* MediaGroup.swift */; };
		723935782433FACE0073C614 /* API.swift in Sources */ = {isa = PBXBuildFile; fileRef = 723935772433FACE0073C614 /* API.swift */; };
		7239357A2433FC970073C614 /* APIURLBuilder.swift in Sources */ = {isa = PBXBuildFile; fileRef = 723935792433FC970073C614 /* APIURLBuilder.swift */; };
		7239357C2433FFDE0073C614 /* Agent.swift in Sources */ = {isa = PBXBuildFile; fileRef = 7239357B2433FFDE0073C614 /* Agent.swift */; };
		723F810624345055008FCC4B /* RotationImageProcessor.swift in Sources */ = {isa = PBXBuildFile; fileRef = 723F810524345055008FCC4B /* RotationImageProcessor.swift */; };
		723F810824345ADC008FCC4B /* UIImage+Extensions.swift in Sources */ = {isa = PBXBuildFile; fileRef = 723F810724345ADC008FCC4B /* UIImage+Extensions.swift */; };
		7283A9342434E61B002F7477 /* GalleryViewModel.swift in Sources */ = {isa = PBXBuildFile; fileRef = 7283A9332434E61B002F7477 /* GalleryViewModel.swift */; };
		7283A9392434FE82002F7477 /* GalleryCellViewModel.swift in Sources */ = {isa = PBXBuildFile; fileRef = 7283A9382434FE82002F7477 /* GalleryCellViewModel.swift */; };
		729E571222BE61F70039C08A /* AppDelegate.swift in Sources */ = {isa = PBXBuildFile; fileRef = 729E571122BE61F70039C08A /* AppDelegate.swift */; };
		729E571422BE61F70039C08A /* ApplicationViewController.swift in Sources */ = {isa = PBXBuildFile; fileRef = 729E571322BE61F70039C08A /* ApplicationViewController.swift */; };
		729E571922BE61F80039C08A /* Assets.xcassets in Resources */ = {isa = PBXBuildFile; fileRef = 729E571822BE61F80039C08A /* Assets.xcassets */; };
		729E571C22BE61F80039C08A /* LaunchScreen.storyboard in Resources */ = {isa = PBXBuildFile; fileRef = 729E571A22BE61F80039C08A /* LaunchScreen.storyboard */; };
		729E572722BE61F80039C08A /* ToteTests.swift in Sources */ = {isa = PBXBuildFile; fileRef = 729E572622BE61F80039C08A /* ToteTests.swift */; };
		729E573322BE62FE0039C08A /* ApplicationCoordinator.swift in Sources */ = {isa = PBXBuildFile; fileRef = 729E573222BE62FE0039C08A /* ApplicationCoordinator.swift */; };
		729E574122BE6F260039C08A /* FolderList.swift in Sources */ = {isa = PBXBuildFile; fileRef = 729E574022BE6F260039C08A /* FolderList.swift */; };
		72B63BC122CE437500FA8920 /* String+PhotoType.swift in Sources */ = {isa = PBXBuildFile; fileRef = 72B63BC022CE437500FA8920 /* String+PhotoType.swift */; };
		72B63BC322CE459C00FA8920 /* PhotoInfoResponse.swift in Sources */ = {isa = PBXBuildFile; fileRef = 72B63BC222CE459C00FA8920 /* PhotoInfoResponse.swift */; };
		72D02C7B22BEA8EF00DA5236 /* UIViewController+Extensions.swift in Sources */ = {isa = PBXBuildFile; fileRef = 72D02C7A22BEA8EF00DA5236 /* UIViewController+Extensions.swift */; };
		72D02C7D22BEA97200DA5236 /* UIView+NSLayoutConstrainHelpers.swift in Sources */ = {isa = PBXBuildFile; fileRef = 72D02C7C22BEA97200DA5236 /* UIView+NSLayoutConstrainHelpers.swift */; };
		72E02F3C2436548E0093CA92 /* AddCameraConnectionView.swift in Sources */ = {isa = PBXBuildFile; fileRef = 72E02F3B2436548E0093CA92 /* AddCameraConnectionView.swift */; };
		72EC69F422BE7F3F001D70B3 /* GalleryViewController.swift in Sources */ = {isa = PBXBuildFile; fileRef = 72EC69F322BE7F3F001D70B3 /* GalleryViewController.swift */; };
		72EC69F622BE7F7A001D70B3 /* HomeCoordinator.swift in Sources */ = {isa = PBXBuildFile; fileRef = 72EC69F522BE7F7A001D70B3 /* HomeCoordinator.swift */; };
		72EC69F822BE8B23001D70B3 /* GalleryCollectionViewCell.swift in Sources */ = {isa = PBXBuildFile; fileRef = 72EC69F722BE8B23001D70B3 /* GalleryCollectionViewCell.swift */; };
		D41BF3DDBD49334053906945 /* Pods_Tote.framework in Frameworks */ = {isa = PBXBuildFile; fileRef = 1A1AA848CF88CAB4DD2F1F7E /* Pods_Tote.framework */; };
/* End PBXBuildFile section */

/* Begin PBXContainerItemProxy section */
		729E572322BE61F80039C08A /* PBXContainerItemProxy */ = {
			isa = PBXContainerItemProxy;
			containerPortal = 729E570622BE61F70039C08A /* Project object */;
			proxyType = 1;
			remoteGlobalIDString = 729E570D22BE61F70039C08A;
			remoteInfo = Tote;
		};
/* End PBXContainerItemProxy section */

/* Begin PBXFileReference section */
		1A1AA848CF88CAB4DD2F1F7E /* Pods_Tote.framework */ = {isa = PBXFileReference; explicitFileType = wrapper.framework; includeInIndex = 0; path = Pods_Tote.framework; sourceTree = BUILT_PRODUCTS_DIR; };
		7203BAD12437C48300484B5B /* LastCameraConnectionViewController.swift */ = {isa = PBXFileReference; lastKnownFileType = sourcecode.swift; path = LastCameraConnectionViewController.swift; sourceTree = "<group>"; };
		7203BAD32437D16700484B5B /* UIColor+Extensions.swift */ = {isa = PBXFileReference; lastKnownFileType = sourcecode.swift; path = "UIColor+Extensions.swift"; sourceTree = "<group>"; };
		7210533324343BBA006B4F32 /* Log.swift */ = {isa = PBXFileReference; lastKnownFileType = sourcecode.swift; path = Log.swift; sourceTree = "<group>"; };
		7210533524343BD4006B4F32 /* LogFormatter.swift */ = {isa = PBXFileReference; lastKnownFileType = sourcecode.swift; path = LogFormatter.swift; sourceTree = "<group>"; };
		721053372434455C006B4F32 /* MediaURLGrouper.swift */ = {isa = PBXFileReference; lastKnownFileType = sourcecode.swift; path = MediaURLGrouper.swift; sourceTree = "<group>"; };
		7212A0F02436746D00DE8A58 /* Tote.entitlements */ = {isa = PBXFileReference; lastKnownFileType = text.plist.entitlements; path = Tote.entitlements; sourceTree = "<group>"; };
		7213B895243514FC00C401A9 /* SceneDelegate.swift */ = {isa = PBXFileReference; lastKnownFileType = sourcecode.swift; path = SceneDelegate.swift; sourceTree = "<group>"; };
		7213B897243518F700C401A9 /* Colors.swift */ = {isa = PBXFileReference; lastKnownFileType = sourcecode.swift; path = Colors.swift; sourceTree = "<group>"; };
		7213B89A2435387C00C401A9 /* CameraConnection.swift */ = {isa = PBXFileReference; lastKnownFileType = sourcecode.swift; path = CameraConnection.swift; sourceTree = "<group>"; };
		7213B89D2436261E00C401A9 /* CameraConnectViewModel.swift */ = {isa = PBXFileReference; lastKnownFileType = sourcecode.swift; path = CameraConnectViewModel.swift; sourceTree = "<group>"; };
		7213B89F24362CCD00C401A9 /* CameraConnectViewController.swift */ = {isa = PBXFileReference; lastKnownFileType = sourcecode.swift; path = CameraConnectViewController.swift; sourceTree = "<group>"; };
		7213B8A124362ED600C401A9 /* Keychain.swift */ = {isa = PBXFileReference; lastKnownFileType = sourcecode.swift; path = Keychain.swift; sourceTree = "<group>"; };
		7213B8A4243642A900C401A9 /* ApplicationViewModel.swift */ = {isa = PBXFileReference; lastKnownFileType = sourcecode.swift; path = ApplicationViewModel.swift; sourceTree = "<group>"; };
		721CE35E2436BD3B00A086E7 /* SwitchableBox.swift */ = {isa = PBXFileReference; lastKnownFileType = sourcecode.swift; path = SwitchableBox.swift; sourceTree = "<group>"; };
		721CE3602436BD6D00A086E7 /* SimulatorValueBox.swift */ = {isa = PBXFileReference; lastKnownFileType = sourcecode.swift; path = SimulatorValueBox.swift; sourceTree = "<group>"; };
		721CE3632436D0A000A086E7 /* AirPodsDialogPresentationController.swift */ = {isa = PBXFileReference; lastKnownFileType = sourcecode.swift; path = AirPodsDialogPresentationController.swift; sourceTree = "<group>"; };
		721CE3652436D0EC00A086E7 /* AirPodsDialogContainerViewController.swift */ = {isa = PBXFileReference; lastKnownFileType = sourcecode.swift; path = AirPodsDialogContainerViewController.swift; sourceTree = "<group>"; };
		721CE3672436D18200A086E7 /* AirPodsDialogSlideUpPresenter.swift */ = {isa = PBXFileReference; lastKnownFileType = sourcecode.swift; path = AirPodsDialogSlideUpPresenter.swift; sourceTree = "<group>"; };
		721CE3692436D20600A086E7 /* SlideUpTransitionAnimator.swift */ = {isa = PBXFileReference; lastKnownFileType = sourcecode.swift; path = SlideUpTransitionAnimator.swift; sourceTree = "<group>"; };
		721CE36B2436E1A900A086E7 /* UIEdgeInsets+Extensions.swift */ = {isa = PBXFileReference; lastKnownFileType = sourcecode.swift; path = "UIEdgeInsets+Extensions.swift"; sourceTree = "<group>"; };
		7225C0E222E3C9DE0054DEE0 /* NetworkExtension.framework */ = {isa = PBXFileReference; lastKnownFileType = wrapper.framework; name = NetworkExtension.framework; path = System/Library/Frameworks/NetworkExtension.framework; sourceTree = SDKROOT; };
		7238183724340EA400C7B174 /* Decoder.swift */ = {isa = PBXFileReference; lastKnownFileType = sourcecode.swift; path = Decoder.swift; sourceTree = "<group>"; };
		7238183924341A9200C7B174 /* Folder.swift */ = {isa = PBXFileReference; lastKnownFileType = sourcecode.swift; path = Folder.swift; sourceTree = "<group>"; };
		7238183B24341AB000C7B174 /* MediaGroup.swift */ = {isa = PBXFileReference; lastKnownFileType = sourcecode.swift; path = MediaGroup.swift; sourceTree = "<group>"; };
		723935772433FACE0073C614 /* API.swift */ = {isa = PBXFileReference; lastKnownFileType = sourcecode.swift; path = API.swift; sourceTree = "<group>"; };
		723935792433FC970073C614 /* APIURLBuilder.swift */ = {isa = PBXFileReference; lastKnownFileType = sourcecode.swift; path = APIURLBuilder.swift; sourceTree = "<group>"; };
		7239357B2433FFDE0073C614 /* Agent.swift */ = {isa = PBXFileReference; lastKnownFileType = sourcecode.swift; path = Agent.swift; sourceTree = "<group>"; };
		723F810524345055008FCC4B /* RotationImageProcessor.swift */ = {isa = PBXFileReference; lastKnownFileType = sourcecode.swift; path = RotationImageProcessor.swift; sourceTree = "<group>"; };
		723F810724345ADC008FCC4B /* UIImage+Extensions.swift */ = {isa = PBXFileReference; lastKnownFileType = sourcecode.swift; path = "UIImage+Extensions.swift"; sourceTree = "<group>"; };
		7283A9332434E61B002F7477 /* GalleryViewModel.swift */ = {isa = PBXFileReference; lastKnownFileType = sourcecode.swift; path = GalleryViewModel.swift; sourceTree = "<group>"; };
		7283A9382434FE82002F7477 /* GalleryCellViewModel.swift */ = {isa = PBXFileReference; lastKnownFileType = sourcecode.swift; path = GalleryCellViewModel.swift; sourceTree = "<group>"; };
		729E570E22BE61F70039C08A /* Tote.app */ = {isa = PBXFileReference; explicitFileType = wrapper.application; includeInIndex = 0; path = Tote.app; sourceTree = BUILT_PRODUCTS_DIR; };
		729E571122BE61F70039C08A /* AppDelegate.swift */ = {isa = PBXFileReference; lastKnownFileType = sourcecode.swift; path = AppDelegate.swift; sourceTree = "<group>"; };
		729E571322BE61F70039C08A /* ApplicationViewController.swift */ = {isa = PBXFileReference; lastKnownFileType = sourcecode.swift; path = ApplicationViewController.swift; sourceTree = "<group>"; };
		729E571822BE61F80039C08A /* Assets.xcassets */ = {isa = PBXFileReference; lastKnownFileType = folder.assetcatalog; path = Assets.xcassets; sourceTree = "<group>"; };
		729E571B22BE61F80039C08A /* Base */ = {isa = PBXFileReference; lastKnownFileType = file.storyboard; name = Base; path = Base.lproj/LaunchScreen.storyboard; sourceTree = "<group>"; };
		729E571D22BE61F80039C08A /* Info.plist */ = {isa = PBXFileReference; lastKnownFileType = text.plist.xml; path = Info.plist; sourceTree = "<group>"; };
		729E572222BE61F80039C08A /* ToteTests.xctest */ = {isa = PBXFileReference; explicitFileType = wrapper.cfbundle; includeInIndex = 0; path = ToteTests.xctest; sourceTree = BUILT_PRODUCTS_DIR; };
		729E572622BE61F80039C08A /* ToteTests.swift */ = {isa = PBXFileReference; lastKnownFileType = sourcecode.swift; path = ToteTests.swift; sourceTree = "<group>"; };
		729E572822BE61F80039C08A /* Info.plist */ = {isa = PBXFileReference; lastKnownFileType = text.plist.xml; path = Info.plist; sourceTree = "<group>"; };
		729E573222BE62FE0039C08A /* ApplicationCoordinator.swift */ = {isa = PBXFileReference; lastKnownFileType = sourcecode.swift; path = ApplicationCoordinator.swift; sourceTree = "<group>"; };
		729E574022BE6F260039C08A /* FolderList.swift */ = {isa = PBXFileReference; lastKnownFileType = sourcecode.swift; path = FolderList.swift; sourceTree = "<group>"; };
		72B63BC022CE437500FA8920 /* String+PhotoType.swift */ = {isa = PBXFileReference; lastKnownFileType = sourcecode.swift; path = "String+PhotoType.swift"; sourceTree = "<group>"; };
		72B63BC222CE459C00FA8920 /* PhotoInfoResponse.swift */ = {isa = PBXFileReference; lastKnownFileType = sourcecode.swift; path = PhotoInfoResponse.swift; sourceTree = "<group>"; };
		72D02C7A22BEA8EF00DA5236 /* UIViewController+Extensions.swift */ = {isa = PBXFileReference; lastKnownFileType = sourcecode.swift; path = "UIViewController+Extensions.swift"; sourceTree = "<group>"; };
		72D02C7C22BEA97200DA5236 /* UIView+NSLayoutConstrainHelpers.swift */ = {isa = PBXFileReference; lastKnownFileType = sourcecode.swift; path = "UIView+NSLayoutConstrainHelpers.swift"; sourceTree = "<group>"; };
		72E02F3B2436548E0093CA92 /* AddCameraConnectionView.swift */ = {isa = PBXFileReference; lastKnownFileType = sourcecode.swift; path = AddCameraConnectionView.swift; sourceTree = "<group>"; };
		72EC69F322BE7F3F001D70B3 /* GalleryViewController.swift */ = {isa = PBXFileReference; lastKnownFileType = sourcecode.swift; path = GalleryViewController.swift; sourceTree = "<group>"; };
		72EC69F522BE7F7A001D70B3 /* HomeCoordinator.swift */ = {isa = PBXFileReference; lastKnownFileType = sourcecode.swift; path = HomeCoordinator.swift; sourceTree = "<group>"; };
		72EC69F722BE8B23001D70B3 /* GalleryCollectionViewCell.swift */ = {isa = PBXFileReference; lastKnownFileType = sourcecode.swift; path = GalleryCollectionViewCell.swift; sourceTree = "<group>"; };
		AB5AC406C549340818273454 /* Pods-Tote.release.xcconfig */ = {isa = PBXFileReference; includeInIndex = 1; lastKnownFileType = text.xcconfig; name = "Pods-Tote.release.xcconfig"; path = "Target Support Files/Pods-Tote/Pods-Tote.release.xcconfig"; sourceTree = "<group>"; };
		EBDEA3997656E6187B198B40 /* Pods-Tote.debug.xcconfig */ = {isa = PBXFileReference; includeInIndex = 1; lastKnownFileType = text.xcconfig; name = "Pods-Tote.debug.xcconfig"; path = "Target Support Files/Pods-Tote/Pods-Tote.debug.xcconfig"; sourceTree = "<group>"; };
/* End PBXFileReference section */

/* Begin PBXFrameworksBuildPhase section */
		729E570B22BE61F70039C08A /* Frameworks */ = {
			isa = PBXFrameworksBuildPhase;
			buildActionMask = 2147483647;
			files = (
				D41BF3DDBD49334053906945 /* Pods_Tote.framework in Frameworks */,
				7225C0E322E3C9DE0054DEE0 /* NetworkExtension.framework in Frameworks */,
			);
			runOnlyForDeploymentPostprocessing = 0;
		};
		729E571F22BE61F80039C08A /* Frameworks */ = {
			isa = PBXFrameworksBuildPhase;
			buildActionMask = 2147483647;
			files = (
			);
			runOnlyForDeploymentPostprocessing = 0;
		};
/* End PBXFrameworksBuildPhase section */

/* Begin PBXGroup section */
		11CE313DAEBAEDFDA816F45F /* Pods */ = {
			isa = PBXGroup;
			children = (
				EBDEA3997656E6187B198B40 /* Pods-Tote.debug.xcconfig */,
				AB5AC406C549340818273454 /* Pods-Tote.release.xcconfig */,
			);
			path = Pods;
			sourceTree = "<group>";
		};
		3BB58280A99FA3BD1B114BC3 /* Frameworks */ = {
			isa = PBXGroup;
			children = (
				7225C0E222E3C9DE0054DEE0 /* NetworkExtension.framework */,
				1A1AA848CF88CAB4DD2F1F7E /* Pods_Tote.framework */,
			);
			name = Frameworks;
			sourceTree = "<group>";
		};
		7210533124343B9E006B4F32 /* Infrastructure */ = {
			isa = PBXGroup;
			children = (
				721CE3622436CF6E00A086E7 /* AirPods Dialog */,
				7213B8992435385F00C401A9 /* Camera Connection */,
				721053372434455C006B4F32 /* MediaURLGrouper.swift */,
				7210533224343BAB006B4F32 /* Logging */,
				729E573522BE645E0039C08A /* Camera API */,
				729E573C22BE68F20039C08A /* Utility */,
				7213B897243518F700C401A9 /* Colors.swift */,
				7213B8A124362ED600C401A9 /* Keychain.swift */,
				721CE35E2436BD3B00A086E7 /* SwitchableBox.swift */,
				721CE3602436BD6D00A086E7 /* SimulatorValueBox.swift */,
			);
			path = Infrastructure;
			sourceTree = "<group>";
		};
		7210533224343BAB006B4F32 /* Logging */ = {
			isa = PBXGroup;
			children = (
				7210533324343BBA006B4F32 /* Log.swift */,
				7210533524343BD4006B4F32 /* LogFormatter.swift */,
			);
			path = Logging;
			sourceTree = "<group>";
		};
		7213B8992435385F00C401A9 /* Camera Connection */ = {
			isa = PBXGroup;
			children = (
				7213B89A2435387C00C401A9 /* CameraConnection.swift */,
			);
			path = "Camera Connection";
			sourceTree = "<group>";
		};
		7213B89C2436252700C401A9 /* Camera Connection Management */ = {
			isa = PBXGroup;
			children = (
				7213B89D2436261E00C401A9 /* CameraConnectViewModel.swift */,
				7213B89F24362CCD00C401A9 /* CameraConnectViewController.swift */,
				72E02F3B2436548E0093CA92 /* AddCameraConnectionView.swift */,
				7203BAD12437C48300484B5B /* LastCameraConnectionViewController.swift */,
			);
			path = "Camera Connection Management";
			sourceTree = "<group>";
		};
		7213B8A3243641F500C401A9 /* Application */ = {
			isa = PBXGroup;
			children = (
				729E571322BE61F70039C08A /* ApplicationViewController.swift */,
				729E573222BE62FE0039C08A /* ApplicationCoordinator.swift */,
				7213B8A4243642A900C401A9 /* ApplicationViewModel.swift */,
			);
			path = Application;
			sourceTree = "<group>";
		};
		721CE3622436CF6E00A086E7 /* AirPods Dialog */ = {
			isa = PBXGroup;
			children = (
				721CE3632436D0A000A086E7 /* AirPodsDialogPresentationController.swift */,
				721CE3652436D0EC00A086E7 /* AirPodsDialogContainerViewController.swift */,
				721CE3672436D18200A086E7 /* AirPodsDialogSlideUpPresenter.swift */,
				721CE3692436D20600A086E7 /* SlideUpTransitionAnimator.swift */,
			);
			path = "AirPods Dialog";
			sourceTree = "<group>";
		};
		723F810424345043008FCC4B /* Image Processing */ = {
			isa = PBXGroup;
			children = (
				723F810524345055008FCC4B /* RotationImageProcessor.swift */,
			);
			path = "Image Processing";
			sourceTree = "<group>";
		};
		7283A9372434FE71002F7477 /* Collection View Cell */ = {
			isa = PBXGroup;
			children = (
				72EC69F722BE8B23001D70B3 /* GalleryCollectionViewCell.swift */,
				7283A9382434FE82002F7477 /* GalleryCellViewModel.swift */,
			);
			path = "Collection View Cell";
			sourceTree = "<group>";
		};
		729E570522BE61F70039C08A = {
			isa = PBXGroup;
			children = (
				729E571022BE61F70039C08A /* Tote */,
				729E572522BE61F80039C08A /* ToteTests */,
				729E570F22BE61F70039C08A /* Products */,
				11CE313DAEBAEDFDA816F45F /* Pods */,
				3BB58280A99FA3BD1B114BC3 /* Frameworks */,
			);
			sourceTree = "<group>";
		};
		729E570F22BE61F70039C08A /* Products */ = {
			isa = PBXGroup;
			children = (
				729E570E22BE61F70039C08A /* Tote.app */,
				729E572222BE61F80039C08A /* ToteTests.xctest */,
			);
			name = Products;
			sourceTree = "<group>";
		};
		729E571022BE61F70039C08A /* Tote */ = {
			isa = PBXGroup;
			children = (
				7210533124343B9E006B4F32 /* Infrastructure */,
				72CE4C3922E371DD0074E82F /* Models */,
				729E573122BE62CB0039C08A /* Sections */,
				729E573422BE63160039C08A /* Resources */,
				729E571D22BE61F80039C08A /* Info.plist */,
			);
			path = Tote;
			sourceTree = "<group>";
		};
		729E572522BE61F80039C08A /* ToteTests */ = {
			isa = PBXGroup;
			children = (
				729E572622BE61F80039C08A /* ToteTests.swift */,
				729E572822BE61F80039C08A /* Info.plist */,
			);
			path = ToteTests;
			sourceTree = "<group>";
		};
		729E573122BE62CB0039C08A /* Sections */ = {
			isa = PBXGroup;
			children = (
				7213B8A3243641F500C401A9 /* Application */,
				7213B89C2436252700C401A9 /* Camera Connection Management */,
				72EC69F222BE7F15001D70B3 /* Home */,
				729E571122BE61F70039C08A /* AppDelegate.swift */,
				7213B895243514FC00C401A9 /* SceneDelegate.swift */,
			);
			path = Sections;
			sourceTree = "<group>";
		};
		729E573422BE63160039C08A /* Resources */ = {
			isa = PBXGroup;
			children = (
				7212A0F02436746D00DE8A58 /* Tote.entitlements */,
				729E571A22BE61F80039C08A /* LaunchScreen.storyboard */,
				729E571822BE61F80039C08A /* Assets.xcassets */,
			);
			path = Resources;
			sourceTree = "<group>";
		};
		729E573522BE645E0039C08A /* Camera API */ = {
			isa = PBXGroup;
			children = (
				729E573F22BE6EFD0039C08A /* Responses */,
				723935772433FACE0073C614 /* API.swift */,
				723935792433FC970073C614 /* APIURLBuilder.swift */,
				7239357B2433FFDE0073C614 /* Agent.swift */,
				7238183724340EA400C7B174 /* Decoder.swift */,
			);
			path = "Camera API";
			sourceTree = "<group>";
		};
		729E573C22BE68F20039C08A /* Utility */ = {
			isa = PBXGroup;
			children = (
				723F810424345043008FCC4B /* Image Processing */,
				72D02C7922BEA8DF00DA5236 /* Extensions */,
			);
			path = Utility;
			sourceTree = "<group>";
		};
		729E573F22BE6EFD0039C08A /* Responses */ = {
			isa = PBXGroup;
			children = (
				729E574022BE6F260039C08A /* FolderList.swift */,
				72B63BC222CE459C00FA8920 /* PhotoInfoResponse.swift */,
			);
			path = Responses;
			sourceTree = "<group>";
		};
		72CE4C3922E371DD0074E82F /* Models */ = {
			isa = PBXGroup;
			children = (
				7238183924341A9200C7B174 /* Folder.swift */,
				7238183B24341AB000C7B174 /* MediaGroup.swift */,
			);
			path = Models;
			sourceTree = "<group>";
		};
		72D02C7922BEA8DF00DA5236 /* Extensions */ = {
			isa = PBXGroup;
			children = (
				72D02C7A22BEA8EF00DA5236 /* UIViewController+Extensions.swift */,
				72D02C7C22BEA97200DA5236 /* UIView+NSLayoutConstrainHelpers.swift */,
				72B63BC022CE437500FA8920 /* String+PhotoType.swift */,
				723F810724345ADC008FCC4B /* UIImage+Extensions.swift */,
				721CE36B2436E1A900A086E7 /* UIEdgeInsets+Extensions.swift */,
				7203BAD32437D16700484B5B /* UIColor+Extensions.swift */,
			);
			path = Extensions;
			sourceTree = "<group>";
		};
		72D02C8822BEB2B300DA5236 /* Gallery */ = {
			isa = PBXGroup;
			children = (
				7283A9372434FE71002F7477 /* Collection View Cell */,
				72EC69F322BE7F3F001D70B3 /* GalleryViewController.swift */,
				7283A9332434E61B002F7477 /* GalleryViewModel.swift */,
			);
			path = Gallery;
			sourceTree = "<group>";
		};
		72EC69F222BE7F15001D70B3 /* Home */ = {
			isa = PBXGroup;
			children = (
				72D02C8822BEB2B300DA5236 /* Gallery */,
				72EC69F522BE7F7A001D70B3 /* HomeCoordinator.swift */,
			);
			path = Home;
			sourceTree = "<group>";
		};
/* End PBXGroup section */

/* Begin PBXNativeTarget section */
		729E570D22BE61F70039C08A /* Tote */ = {
			isa = PBXNativeTarget;
			buildConfigurationList = 729E572B22BE61F80039C08A /* Build configuration list for PBXNativeTarget "Tote" */;
			buildPhases = (
				F70F643E13786E5817E20117 /* [CP] Check Pods Manifest.lock */,
				729E570A22BE61F70039C08A /* Sources */,
				729E570B22BE61F70039C08A /* Frameworks */,
				729E570C22BE61F70039C08A /* Resources */,
				21700724A70E9CC7C715C0FC /* [CP] Embed Pods Frameworks */,
				72EC69F022BE7C52001D70B3 /* Run SwiftFormat */,
				72EC69F122BE7C6C001D70B3 /* Run SwiftLint */,
			);
			buildRules = (
			);
			dependencies = (
			);
			name = Tote;
			productName = Tote;
			productReference = 729E570E22BE61F70039C08A /* Tote.app */;
			productType = "com.apple.product-type.application";
		};
		729E572122BE61F80039C08A /* ToteTests */ = {
			isa = PBXNativeTarget;
			buildConfigurationList = 729E572E22BE61F80039C08A /* Build configuration list for PBXNativeTarget "ToteTests" */;
			buildPhases = (
				729E571E22BE61F80039C08A /* Sources */,
				729E571F22BE61F80039C08A /* Frameworks */,
				729E572022BE61F80039C08A /* Resources */,
			);
			buildRules = (
			);
			dependencies = (
				729E572422BE61F80039C08A /* PBXTargetDependency */,
			);
			name = ToteTests;
			productName = ToteTests;
			productReference = 729E572222BE61F80039C08A /* ToteTests.xctest */;
			productType = "com.apple.product-type.bundle.unit-test";
		};
/* End PBXNativeTarget section */

/* Begin PBXProject section */
		729E570622BE61F70039C08A /* Project object */ = {
			isa = PBXProject;
			attributes = {
				LastSwiftUpdateCheck = 1020;
				LastUpgradeCheck = 1020;
				ORGANIZATIONNAME = "Brian Michel";
				TargetAttributes = {
					729E570D22BE61F70039C08A = {
						CreatedOnToolsVersion = 10.2.1;
					};
					729E572122BE61F80039C08A = {
						CreatedOnToolsVersion = 10.2.1;
						TestTargetID = 729E570D22BE61F70039C08A;
					};
				};
			};
			buildConfigurationList = 729E570922BE61F70039C08A /* Build configuration list for PBXProject "Tote" */;
			compatibilityVersion = "Xcode 9.3";
			developmentRegion = en;
			hasScannedForEncodings = 0;
			knownRegions = (
				en,
				Base,
			);
			mainGroup = 729E570522BE61F70039C08A;
			productRefGroup = 729E570F22BE61F70039C08A /* Products */;
			projectDirPath = "";
			projectRoot = "";
			targets = (
				729E570D22BE61F70039C08A /* Tote */,
				729E572122BE61F80039C08A /* ToteTests */,
			);
		};
/* End PBXProject section */

/* Begin PBXResourcesBuildPhase section */
		729E570C22BE61F70039C08A /* Resources */ = {
			isa = PBXResourcesBuildPhase;
			buildActionMask = 2147483647;
			files = (
				729E571C22BE61F80039C08A /* LaunchScreen.storyboard in Resources */,
				729E571922BE61F80039C08A /* Assets.xcassets in Resources */,
			);
			runOnlyForDeploymentPostprocessing = 0;
		};
		729E572022BE61F80039C08A /* Resources */ = {
			isa = PBXResourcesBuildPhase;
			buildActionMask = 2147483647;
			files = (
			);
			runOnlyForDeploymentPostprocessing = 0;
		};
/* End PBXResourcesBuildPhase section */

/* Begin PBXShellScriptBuildPhase section */
		21700724A70E9CC7C715C0FC /* [CP] Embed Pods Frameworks */ = {
			isa = PBXShellScriptBuildPhase;
			buildActionMask = 2147483647;
			files = (
			);
			inputFileListPaths = (
				"${PODS_ROOT}/Target Support Files/Pods-Tote/Pods-Tote-frameworks-${CONFIGURATION}-input-files.xcfilelist",
			);
			name = "[CP] Embed Pods Frameworks";
			outputFileListPaths = (
				"${PODS_ROOT}/Target Support Files/Pods-Tote/Pods-Tote-frameworks-${CONFIGURATION}-output-files.xcfilelist",
			);
			runOnlyForDeploymentPostprocessing = 0;
			shellPath = /bin/sh;
			shellScript = "\"${PODS_ROOT}/Target Support Files/Pods-Tote/Pods-Tote-frameworks.sh\"\n";
			showEnvVarsInLog = 0;
		};
		72EC69F022BE7C52001D70B3 /* Run SwiftFormat */ = {
			isa = PBXShellScriptBuildPhase;
			buildActionMask = 2147483647;
			files = (
			);
			inputFileListPaths = (
			);
			inputPaths = (
			);
			name = "Run SwiftFormat";
			outputFileListPaths = (
			);
			outputPaths = (
			);
			runOnlyForDeploymentPostprocessing = 0;
			shellPath = /bin/sh;
			shellScript = "git diff HEAD --name-only --diff-filter=ACMRTU -- \"Tote/*.swift\" | while read filename; do\n${SRCROOT}/Pods/SwiftFormat/CommandLineTool/swiftformat \"$filename\";\ndone\n\n";
		};
		72EC69F122BE7C6C001D70B3 /* Run SwiftLint */ = {
			isa = PBXShellScriptBuildPhase;
			buildActionMask = 2147483647;
			files = (
			);
			inputFileListPaths = (
			);
			inputPaths = (
			);
			name = "Run SwiftLint";
			outputFileListPaths = (
			);
			outputPaths = (
			);
			runOnlyForDeploymentPostprocessing = 0;
			shellPath = /bin/sh;
			shellScript = "git diff HEAD --name-only --diff-filter=ACMRTU -- \"Tote/*.swift\" | while read filename; do\n${PODS_ROOT}/SwiftLint/swiftlint lint --path \"$filename\";\ndone\n\n";
		};
		F70F643E13786E5817E20117 /* [CP] Check Pods Manifest.lock */ = {
			isa = PBXShellScriptBuildPhase;
			buildActionMask = 2147483647;
			files = (
			);
			inputFileListPaths = (
			);
			inputPaths = (
				"${PODS_PODFILE_DIR_PATH}/Podfile.lock",
				"${PODS_ROOT}/Manifest.lock",
			);
			name = "[CP] Check Pods Manifest.lock";
			outputFileListPaths = (
			);
			outputPaths = (
				"$(DERIVED_FILE_DIR)/Pods-Tote-checkManifestLockResult.txt",
			);
			runOnlyForDeploymentPostprocessing = 0;
			shellPath = /bin/sh;
			shellScript = "diff \"${PODS_PODFILE_DIR_PATH}/Podfile.lock\" \"${PODS_ROOT}/Manifest.lock\" > /dev/null\nif [ $? != 0 ] ; then\n    # print error to STDERR\n    echo \"error: The sandbox is not in sync with the Podfile.lock. Run 'pod install' or update your CocoaPods installation.\" >&2\n    exit 1\nfi\n# This output is used by Xcode 'outputs' to avoid re-running this script phase.\necho \"SUCCESS\" > \"${SCRIPT_OUTPUT_FILE_0}\"\n";
			showEnvVarsInLog = 0;
		};
/* End PBXShellScriptBuildPhase section */

/* Begin PBXSourcesBuildPhase section */
		729E570A22BE61F70039C08A /* Sources */ = {
			isa = PBXSourcesBuildPhase;
			buildActionMask = 2147483647;
			files = (
				7239357A2433FC970073C614 /* APIURLBuilder.swift in Sources */,
				72B63BC122CE437500FA8920 /* String+PhotoType.swift in Sources */,
				721CE3612436BD6D00A086E7 /* SimulatorValueBox.swift in Sources */,
				721CE36C2436E1A900A086E7 /* UIEdgeInsets+Extensions.swift in Sources */,
				7210533424343BBA006B4F32 /* Log.swift in Sources */,
				729E571422BE61F70039C08A /* ApplicationViewController.swift in Sources */,
				72EC69F822BE8B23001D70B3 /* GalleryCollectionViewCell.swift in Sources */,
				7203BAD22437C48300484B5B /* LastCameraConnectionViewController.swift in Sources */,
				7213B896243514FC00C401A9 /* SceneDelegate.swift in Sources */,
				7238183824340EA400C7B174 /* Decoder.swift in Sources */,
				7213B8A5243642A900C401A9 /* ApplicationViewModel.swift in Sources */,
				721CE36A2436D20600A086E7 /* SlideUpTransitionAnimator.swift in Sources */,
				721CE3682436D18200A086E7 /* AirPodsDialogSlideUpPresenter.swift in Sources */,
				72D02C7B22BEA8EF00DA5236 /* UIViewController+Extensions.swift in Sources */,
				72D02C7D22BEA97200DA5236 /* UIView+NSLayoutConstrainHelpers.swift in Sources */,
				72B63BC322CE459C00FA8920 /* PhotoInfoResponse.swift in Sources */,
				729E574122BE6F260039C08A /* FolderList.swift in Sources */,
				729E571222BE61F70039C08A /* AppDelegate.swift in Sources */,
				72EC69F622BE7F7A001D70B3 /* HomeCoordinator.swift in Sources */,
				7239357C2433FFDE0073C614 /* Agent.swift in Sources */,
				7283A9392434FE82002F7477 /* GalleryCellViewModel.swift in Sources */,
				721CE3662436D0EC00A086E7 /* AirPodsDialogContainerViewController.swift in Sources */,
				7210533624343BD4006B4F32 /* LogFormatter.swift in Sources */,
				72EC69F422BE7F3F001D70B3 /* GalleryViewController.swift in Sources */,
				723F810824345ADC008FCC4B /* UIImage+Extensions.swift in Sources */,
				7283A9342434E61B002F7477 /* GalleryViewModel.swift in Sources */,
				7213B89B2435387C00C401A9 /* CameraConnection.swift in Sources */,
				72E02F3C2436548E0093CA92 /* AddCameraConnectionView.swift in Sources */,
				729E573322BE62FE0039C08A /* ApplicationCoordinator.swift in Sources */,
				723F810624345055008FCC4B /* RotationImageProcessor.swift in Sources */,
				7213B898243518F700C401A9 /* Colors.swift in Sources */,
				721CE35F2436BD3B00A086E7 /* SwitchableBox.swift in Sources */,
				721CE3642436D0A000A086E7 /* AirPodsDialogPresentationController.swift in Sources */,
				723935782433FACE0073C614 /* API.swift in Sources */,
				7238183C24341AB000C7B174 /* MediaGroup.swift in Sources */,
				7213B8A024362CCD00C401A9 /* CameraConnectViewController.swift in Sources */,
				7213B89E2436261E00C401A9 /* CameraConnectViewModel.swift in Sources */,
				7238183A24341A9200C7B174 /* Folder.swift in Sources */,
				7203BAD42437D16700484B5B /* UIColor+Extensions.swift in Sources */,
				721053382434455C006B4F32 /* MediaURLGrouper.swift in Sources */,
				7213B8A224362ED600C401A9 /* Keychain.swift in Sources */,
			);
			runOnlyForDeploymentPostprocessing = 0;
		};
		729E571E22BE61F80039C08A /* Sources */ = {
			isa = PBXSourcesBuildPhase;
			buildActionMask = 2147483647;
			files = (
				729E572722BE61F80039C08A /* ToteTests.swift in Sources */,
			);
			runOnlyForDeploymentPostprocessing = 0;
		};
/* End PBXSourcesBuildPhase section */

/* Begin PBXTargetDependency section */
		729E572422BE61F80039C08A /* PBXTargetDependency */ = {
			isa = PBXTargetDependency;
			target = 729E570D22BE61F70039C08A /* Tote */;
			targetProxy = 729E572322BE61F80039C08A /* PBXContainerItemProxy */;
		};
/* End PBXTargetDependency section */

/* Begin PBXVariantGroup section */
		729E571A22BE61F80039C08A /* LaunchScreen.storyboard */ = {
			isa = PBXVariantGroup;
			children = (
				729E571B22BE61F80039C08A /* Base */,
			);
			name = LaunchScreen.storyboard;
			sourceTree = "<group>";
		};
/* End PBXVariantGroup section */

/* Begin XCBuildConfiguration section */
		729E572922BE61F80039C08A /* Debug */ = {
			isa = XCBuildConfiguration;
			buildSettings = {
				ALWAYS_SEARCH_USER_PATHS = NO;
				CLANG_ANALYZER_NONNULL = YES;
				CLANG_ANALYZER_NUMBER_OBJECT_CONVERSION = YES_AGGRESSIVE;
				CLANG_CXX_LANGUAGE_STANDARD = "gnu++14";
				CLANG_CXX_LIBRARY = "libc++";
				CLANG_ENABLE_MODULES = YES;
				CLANG_ENABLE_OBJC_ARC = YES;
				CLANG_ENABLE_OBJC_WEAK = YES;
				CLANG_WARN_BLOCK_CAPTURE_AUTORELEASING = YES;
				CLANG_WARN_BOOL_CONVERSION = YES;
				CLANG_WARN_COMMA = YES;
				CLANG_WARN_CONSTANT_CONVERSION = YES;
				CLANG_WARN_DEPRECATED_OBJC_IMPLEMENTATIONS = YES;
				CLANG_WARN_DIRECT_OBJC_ISA_USAGE = YES_ERROR;
				CLANG_WARN_DOCUMENTATION_COMMENTS = YES;
				CLANG_WARN_EMPTY_BODY = YES;
				CLANG_WARN_ENUM_CONVERSION = YES;
				CLANG_WARN_INFINITE_RECURSION = YES;
				CLANG_WARN_INT_CONVERSION = YES;
				CLANG_WARN_NON_LITERAL_NULL_CONVERSION = YES;
				CLANG_WARN_OBJC_IMPLICIT_RETAIN_SELF = YES;
				CLANG_WARN_OBJC_LITERAL_CONVERSION = YES;
				CLANG_WARN_OBJC_ROOT_CLASS = YES_ERROR;
				CLANG_WARN_RANGE_LOOP_ANALYSIS = YES;
				CLANG_WARN_STRICT_PROTOTYPES = YES;
				CLANG_WARN_SUSPICIOUS_MOVE = YES;
				CLANG_WARN_UNGUARDED_AVAILABILITY = YES_AGGRESSIVE;
				CLANG_WARN_UNREACHABLE_CODE = YES;
				CLANG_WARN__DUPLICATE_METHOD_MATCH = YES;
				CODE_SIGN_IDENTITY = "iPhone Developer";
				COPY_PHASE_STRIP = NO;
				DEBUG_INFORMATION_FORMAT = dwarf;
				ENABLE_STRICT_OBJC_MSGSEND = YES;
				ENABLE_TESTABILITY = YES;
				GCC_C_LANGUAGE_STANDARD = gnu11;
				GCC_DYNAMIC_NO_PIC = NO;
				GCC_NO_COMMON_BLOCKS = YES;
				GCC_OPTIMIZATION_LEVEL = 0;
				GCC_PREPROCESSOR_DEFINITIONS = (
					"DEBUG=1",
					"$(inherited)",
				);
				GCC_WARN_64_TO_32_BIT_CONVERSION = YES;
				GCC_WARN_ABOUT_RETURN_TYPE = YES_ERROR;
				GCC_WARN_UNDECLARED_SELECTOR = YES;
				GCC_WARN_UNINITIALIZED_AUTOS = YES_AGGRESSIVE;
				GCC_WARN_UNUSED_FUNCTION = YES;
				GCC_WARN_UNUSED_VARIABLE = YES;
				IPHONEOS_DEPLOYMENT_TARGET = 12.2;
				MTL_ENABLE_DEBUG_INFO = INCLUDE_SOURCE;
				MTL_FAST_MATH = YES;
				ONLY_ACTIVE_ARCH = YES;
				SDKROOT = iphoneos;
				SWIFT_ACTIVE_COMPILATION_CONDITIONS = DEBUG;
				SWIFT_OPTIMIZATION_LEVEL = "-Onone";
			};
			name = Debug;
		};
		729E572A22BE61F80039C08A /* Release */ = {
			isa = XCBuildConfiguration;
			buildSettings = {
				ALWAYS_SEARCH_USER_PATHS = NO;
				CLANG_ANALYZER_NONNULL = YES;
				CLANG_ANALYZER_NUMBER_OBJECT_CONVERSION = YES_AGGRESSIVE;
				CLANG_CXX_LANGUAGE_STANDARD = "gnu++14";
				CLANG_CXX_LIBRARY = "libc++";
				CLANG_ENABLE_MODULES = YES;
				CLANG_ENABLE_OBJC_ARC = YES;
				CLANG_ENABLE_OBJC_WEAK = YES;
				CLANG_WARN_BLOCK_CAPTURE_AUTORELEASING = YES;
				CLANG_WARN_BOOL_CONVERSION = YES;
				CLANG_WARN_COMMA = YES;
				CLANG_WARN_CONSTANT_CONVERSION = YES;
				CLANG_WARN_DEPRECATED_OBJC_IMPLEMENTATIONS = YES;
				CLANG_WARN_DIRECT_OBJC_ISA_USAGE = YES_ERROR;
				CLANG_WARN_DOCUMENTATION_COMMENTS = YES;
				CLANG_WARN_EMPTY_BODY = YES;
				CLANG_WARN_ENUM_CONVERSION = YES;
				CLANG_WARN_INFINITE_RECURSION = YES;
				CLANG_WARN_INT_CONVERSION = YES;
				CLANG_WARN_NON_LITERAL_NULL_CONVERSION = YES;
				CLANG_WARN_OBJC_IMPLICIT_RETAIN_SELF = YES;
				CLANG_WARN_OBJC_LITERAL_CONVERSION = YES;
				CLANG_WARN_OBJC_ROOT_CLASS = YES_ERROR;
				CLANG_WARN_RANGE_LOOP_ANALYSIS = YES;
				CLANG_WARN_STRICT_PROTOTYPES = YES;
				CLANG_WARN_SUSPICIOUS_MOVE = YES;
				CLANG_WARN_UNGUARDED_AVAILABILITY = YES_AGGRESSIVE;
				CLANG_WARN_UNREACHABLE_CODE = YES;
				CLANG_WARN__DUPLICATE_METHOD_MATCH = YES;
				CODE_SIGN_IDENTITY = "iPhone Developer";
				COPY_PHASE_STRIP = NO;
				DEBUG_INFORMATION_FORMAT = "dwarf-with-dsym";
				ENABLE_NS_ASSERTIONS = NO;
				ENABLE_STRICT_OBJC_MSGSEND = YES;
				GCC_C_LANGUAGE_STANDARD = gnu11;
				GCC_NO_COMMON_BLOCKS = YES;
				GCC_WARN_64_TO_32_BIT_CONVERSION = YES;
				GCC_WARN_ABOUT_RETURN_TYPE = YES_ERROR;
				GCC_WARN_UNDECLARED_SELECTOR = YES;
				GCC_WARN_UNINITIALIZED_AUTOS = YES_AGGRESSIVE;
				GCC_WARN_UNUSED_FUNCTION = YES;
				GCC_WARN_UNUSED_VARIABLE = YES;
				IPHONEOS_DEPLOYMENT_TARGET = 12.2;
				MTL_ENABLE_DEBUG_INFO = NO;
				MTL_FAST_MATH = YES;
				SDKROOT = iphoneos;
				SWIFT_COMPILATION_MODE = wholemodule;
				SWIFT_OPTIMIZATION_LEVEL = "-O";
				VALIDATE_PRODUCT = YES;
			};
			name = Release;
		};
		729E572C22BE61F80039C08A /* Debug */ = {
			isa = XCBuildConfiguration;
			baseConfigurationReference = EBDEA3997656E6187B198B40 /* Pods-Tote.debug.xcconfig */;
			buildSettings = {
				ASSETCATALOG_COMPILER_APPICON_NAME = AppIcon;
				CODE_SIGN_ENTITLEMENTS = Tote/Resources/Tote.entitlements;
				CODE_SIGN_STYLE = Automatic;
				DEVELOPMENT_TEAM = YN24FFRTC8;
				INFOPLIST_FILE = Tote/Info.plist;
				IPHONEOS_DEPLOYMENT_TARGET = 13.0;
				LD_RUNPATH_SEARCH_PATHS = (
					"$(inherited)",
					"@executable_path/Frameworks",
				);
				PRODUCT_BUNDLE_IDENTIFIER = me.foureyes.Tote;
				PRODUCT_NAME = "$(TARGET_NAME)";
				SWIFT_VERSION = 5.0;
				TARGETED_DEVICE_FAMILY = 1;
			};
			name = Debug;
		};
		729E572D22BE61F80039C08A /* Release */ = {
			isa = XCBuildConfiguration;
			baseConfigurationReference = AB5AC406C549340818273454 /* Pods-Tote.release.xcconfig */;
			buildSettings = {
				ASSETCATALOG_COMPILER_APPICON_NAME = AppIcon;
				CODE_SIGN_ENTITLEMENTS = Tote/Resources/Tote.entitlements;
				CODE_SIGN_STYLE = Automatic;
				DEVELOPMENT_TEAM = YN24FFRTC8;
				INFOPLIST_FILE = Tote/Info.plist;
				IPHONEOS_DEPLOYMENT_TARGET = 13.0;
				LD_RUNPATH_SEARCH_PATHS = (
					"$(inherited)",
					"@executable_path/Frameworks",
				);
				PRODUCT_BUNDLE_IDENTIFIER = me.foureyes.Tote;
				PRODUCT_NAME = "$(TARGET_NAME)";
				SWIFT_VERSION = 5.0;
				TARGETED_DEVICE_FAMILY = 1;
			};
			name = Release;
		};
		729E572F22BE61F80039C08A /* Debug */ = {
			isa = XCBuildConfiguration;
			buildSettings = {
				ALWAYS_EMBED_SWIFT_STANDARD_LIBRARIES = YES;
				BUNDLE_LOADER = "$(TEST_HOST)";
				CODE_SIGN_STYLE = Automatic;
				DEVELOPMENT_TEAM = YN24FFRTC8;
				INFOPLIST_FILE = ToteTests/Info.plist;
				LD_RUNPATH_SEARCH_PATHS = (
					"$(inherited)",
					"@executable_path/Frameworks",
					"@loader_path/Frameworks",
				);
				PRODUCT_BUNDLE_IDENTIFIER = me.foureyes.ToteTests;
				PRODUCT_NAME = "$(TARGET_NAME)";
				SWIFT_VERSION = 5.0;
				TARGETED_DEVICE_FAMILY = "1,2";
				TEST_HOST = "$(BUILT_PRODUCTS_DIR)/Tote.app/Tote";
			};
			name = Debug;
		};
		729E573022BE61F80039C08A /* Release */ = {
			isa = XCBuildConfiguration;
			buildSettings = {
				ALWAYS_EMBED_SWIFT_STANDARD_LIBRARIES = YES;
				BUNDLE_LOADER = "$(TEST_HOST)";
				CODE_SIGN_STYLE = Automatic;
				DEVELOPMENT_TEAM = YN24FFRTC8;
				INFOPLIST_FILE = ToteTests/Info.plist;
				LD_RUNPATH_SEARCH_PATHS = (
					"$(inherited)",
					"@executable_path/Frameworks",
					"@loader_path/Frameworks",
				);
				PRODUCT_BUNDLE_IDENTIFIER = me.foureyes.ToteTests;
				PRODUCT_NAME = "$(TARGET_NAME)";
				SWIFT_VERSION = 5.0;
				TARGETED_DEVICE_FAMILY = "1,2";
				TEST_HOST = "$(BUILT_PRODUCTS_DIR)/Tote.app/Tote";
			};
			name = Release;
		};
/* End XCBuildConfiguration section */

/* Begin XCConfigurationList section */
		729E570922BE61F70039C08A /* Build configuration list for PBXProject "Tote" */ = {
			isa = XCConfigurationList;
			buildConfigurations = (
				729E572922BE61F80039C08A /* Debug */,
				729E572A22BE61F80039C08A /* Release */,
			);
			defaultConfigurationIsVisible = 0;
			defaultConfigurationName = Release;
		};
		729E572B22BE61F80039C08A /* Build configuration list for PBXNativeTarget "Tote" */ = {
			isa = XCConfigurationList;
			buildConfigurations = (
				729E572C22BE61F80039C08A /* Debug */,
				729E572D22BE61F80039C08A /* Release */,
			);
			defaultConfigurationIsVisible = 0;
			defaultConfigurationName = Release;
		};
		729E572E22BE61F80039C08A /* Build configuration list for PBXNativeTarget "ToteTests" */ = {
			isa = XCConfigurationList;
			buildConfigurations = (
				729E572F22BE61F80039C08A /* Debug */,
				729E573022BE61F80039C08A /* Release */,
			);
			defaultConfigurationIsVisible = 0;
			defaultConfigurationName = Release;
		};
/* End XCConfigurationList section */
	};
	rootObject = 729E570622BE61F70039C08A /* Project object */;
}
