// !$*UTF8*$!
{
	archiveVersion = 1;
	classes = {
	};
	objectVersion = 50;
	objects = {

/* Begin PBXBuildFile section */
		729E571222BE61F70039C08A /* AppDelegate.swift in Sources */ = {isa = PBXBuildFile; fileRef = 729E571122BE61F70039C08A /* AppDelegate.swift */; };
		729E571422BE61F70039C08A /* RootViewController.swift in Sources */ = {isa = PBXBuildFile; fileRef = 729E571322BE61F70039C08A /* RootViewController.swift */; };
		729E571922BE61F80039C08A /* Assets.xcassets in Resources */ = {isa = PBXBuildFile; fileRef = 729E571822BE61F80039C08A /* Assets.xcassets */; };
		729E571C22BE61F80039C08A /* LaunchScreen.storyboard in Resources */ = {isa = PBXBuildFile; fileRef = 729E571A22BE61F80039C08A /* LaunchScreen.storyboard */; };
		729E572722BE61F80039C08A /* ToteTests.swift in Sources */ = {isa = PBXBuildFile; fileRef = 729E572622BE61F80039C08A /* ToteTests.swift */; };
		729E573322BE62FE0039C08A /* ApplicationCoordinator.swift in Sources */ = {isa = PBXBuildFile; fileRef = 729E573222BE62FE0039C08A /* ApplicationCoordinator.swift */; };
		729E573722BE64A60039C08A /* CameraAPI.swift in Sources */ = {isa = PBXBuildFile; fileRef = 729E573622BE64A60039C08A /* CameraAPI.swift */; };
		729E573922BE681D0039C08A /* CameraAPIEndpoints.swift in Sources */ = {isa = PBXBuildFile; fileRef = 729E573822BE681D0039C08A /* CameraAPIEndpoints.swift */; };
		729E573B22BE683E0039C08A /* CameraAPIEndpoints+Extensions.swift in Sources */ = {isa = PBXBuildFile; fileRef = 729E573A22BE683E0039C08A /* CameraAPIEndpoints+Extensions.swift */; };
		729E573E22BE68FB0039C08A /* Result.swift in Sources */ = {isa = PBXBuildFile; fileRef = 729E573D22BE68FB0039C08A /* Result.swift */; };
		729E574122BE6F260039C08A /* PhotosListResponse.swift in Sources */ = {isa = PBXBuildFile; fileRef = 729E574022BE6F260039C08A /* PhotosListResponse.swift */; };
		729E574322BE70610039C08A /* Response.swift in Sources */ = {isa = PBXBuildFile; fileRef = 729E574222BE70610039C08A /* Response.swift */; };
/* End PBXBuildFile section */

/* Begin PBXContainerItemProxy section */
		729E572322BE61F80039C08A /* PBXContainerItemProxy */ = {
			isa = PBXContainerItemProxy;
			containerPortal = 729E570622BE61F70039C08A /* Project object */;
			proxyType = 1;
			remoteGlobalIDString = 729E570D22BE61F70039C08A;
			remoteInfo = Tote;
		};
/* End PBXContainerItemProxy section */

/* Begin PBXFileReference section */
		729E570E22BE61F70039C08A /* Tote.app */ = {isa = PBXFileReference; explicitFileType = wrapper.application; includeInIndex = 0; path = Tote.app; sourceTree = BUILT_PRODUCTS_DIR; };
		729E571122BE61F70039C08A /* AppDelegate.swift */ = {isa = PBXFileReference; lastKnownFileType = sourcecode.swift; path = AppDelegate.swift; sourceTree = "<group>"; };
		729E571322BE61F70039C08A /* RootViewController.swift */ = {isa = PBXFileReference; lastKnownFileType = sourcecode.swift; path = RootViewController.swift; sourceTree = "<group>"; };
		729E571822BE61F80039C08A /* Assets.xcassets */ = {isa = PBXFileReference; lastKnownFileType = folder.assetcatalog; path = Assets.xcassets; sourceTree = "<group>"; };
		729E571B22BE61F80039C08A /* Base */ = {isa = PBXFileReference; lastKnownFileType = file.storyboard; name = Base; path = Base.lproj/LaunchScreen.storyboard; sourceTree = "<group>"; };
		729E571D22BE61F80039C08A /* Info.plist */ = {isa = PBXFileReference; lastKnownFileType = text.plist.xml; path = Info.plist; sourceTree = "<group>"; };
		729E572222BE61F80039C08A /* ToteTests.xctest */ = {isa = PBXFileReference; explicitFileType = wrapper.cfbundle; includeInIndex = 0; path = ToteTests.xctest; sourceTree = BUILT_PRODUCTS_DIR; };
		729E572622BE61F80039C08A /* ToteTests.swift */ = {isa = PBXFileReference; lastKnownFileType = sourcecode.swift; path = ToteTests.swift; sourceTree = "<group>"; };
		729E572822BE61F80039C08A /* Info.plist */ = {isa = PBXFileReference; lastKnownFileType = text.plist.xml; path = Info.plist; sourceTree = "<group>"; };
		729E573222BE62FE0039C08A /* ApplicationCoordinator.swift */ = {isa = PBXFileReference; lastKnownFileType = sourcecode.swift; path = ApplicationCoordinator.swift; sourceTree = "<group>"; };
		729E573622BE64A60039C08A /* CameraAPI.swift */ = {isa = PBXFileReference; lastKnownFileType = sourcecode.swift; path = CameraAPI.swift; sourceTree = "<group>"; };
		729E573822BE681D0039C08A /* CameraAPIEndpoints.swift */ = {isa = PBXFileReference; lastKnownFileType = sourcecode.swift; path = CameraAPIEndpoints.swift; sourceTree = "<group>"; };
		729E573A22BE683E0039C08A /* CameraAPIEndpoints+Extensions.swift */ = {isa = PBXFileReference; lastKnownFileType = sourcecode.swift; path = "CameraAPIEndpoints+Extensions.swift"; sourceTree = "<group>"; };
		729E573D22BE68FB0039C08A /* Result.swift */ = {isa = PBXFileReference; lastKnownFileType = sourcecode.swift; path = Result.swift; sourceTree = "<group>"; };
		729E574022BE6F260039C08A /* PhotosListResponse.swift */ = {isa = PBXFileReference; lastKnownFileType = sourcecode.swift; path = PhotosListResponse.swift; sourceTree = "<group>"; };
		729E574222BE70610039C08A /* Response.swift */ = {isa = PBXFileReference; lastKnownFileType = sourcecode.swift; path = Response.swift; sourceTree = "<group>"; };
/* End PBXFileReference section */

/* Begin PBXFrameworksBuildPhase section */
		729E570B22BE61F70039C08A /* Frameworks */ = {
			isa = PBXFrameworksBuildPhase;
			buildActionMask = 2147483647;
			files = (
			);
			runOnlyForDeploymentPostprocessing = 0;
		};
		729E571F22BE61F80039C08A /* Frameworks */ = {
			isa = PBXFrameworksBuildPhase;
			buildActionMask = 2147483647;
			files = (
			);
			runOnlyForDeploymentPostprocessing = 0;
		};
/* End PBXFrameworksBuildPhase section */

/* Begin PBXGroup section */
		729E570522BE61F70039C08A = {
			isa = PBXGroup;
			children = (
				729E571022BE61F70039C08A /* Tote */,
				729E572522BE61F80039C08A /* ToteTests */,
				729E570F22BE61F70039C08A /* Products */,
			);
			sourceTree = "<group>";
		};
		729E570F22BE61F70039C08A /* Products */ = {
			isa = PBXGroup;
			children = (
				729E570E22BE61F70039C08A /* Tote.app */,
				729E572222BE61F80039C08A /* ToteTests.xctest */,
			);
			name = Products;
			sourceTree = "<group>";
		};
		729E571022BE61F70039C08A /* Tote */ = {
			isa = PBXGroup;
			children = (
				729E573C22BE68F20039C08A /* Utility */,
				729E573122BE62CB0039C08A /* Main App Hierarchy */,
				729E573522BE645E0039C08A /* Camera */,
				729E573422BE63160039C08A /* Resources */,
				729E571D22BE61F80039C08A /* Info.plist */,
			);
			path = Tote;
			sourceTree = "<group>";
		};
		729E572522BE61F80039C08A /* ToteTests */ = {
			isa = PBXGroup;
			children = (
				729E572622BE61F80039C08A /* ToteTests.swift */,
				729E572822BE61F80039C08A /* Info.plist */,
			);
			path = ToteTests;
			sourceTree = "<group>";
		};
		729E573122BE62CB0039C08A /* Main App Hierarchy */ = {
			isa = PBXGroup;
			children = (
				729E571122BE61F70039C08A /* AppDelegate.swift */,
				729E571322BE61F70039C08A /* RootViewController.swift */,
				729E573222BE62FE0039C08A /* ApplicationCoordinator.swift */,
			);
			path = "Main App Hierarchy";
			sourceTree = "<group>";
		};
		729E573422BE63160039C08A /* Resources */ = {
			isa = PBXGroup;
			children = (
				729E571A22BE61F80039C08A /* LaunchScreen.storyboard */,
				729E571822BE61F80039C08A /* Assets.xcassets */,
			);
			path = Resources;
			sourceTree = "<group>";
		};
		729E573522BE645E0039C08A /* Camera */ = {
			isa = PBXGroup;
			children = (
				729E573F22BE6EFD0039C08A /* Responses */,
				729E573622BE64A60039C08A /* CameraAPI.swift */,
				729E573822BE681D0039C08A /* CameraAPIEndpoints.swift */,
				729E573A22BE683E0039C08A /* CameraAPIEndpoints+Extensions.swift */,
			);
			path = Camera;
			sourceTree = "<group>";
		};
		729E573C22BE68F20039C08A /* Utility */ = {
			isa = PBXGroup;
			children = (
				729E573D22BE68FB0039C08A /* Result.swift */,
			);
			path = Utility;
			sourceTree = "<group>";
		};
		729E573F22BE6EFD0039C08A /* Responses */ = {
			isa = PBXGroup;
			children = (
				729E574022BE6F260039C08A /* PhotosListResponse.swift */,
				729E574222BE70610039C08A /* Response.swift */,
			);
			path = Responses;
			sourceTree = "<group>";
		};
/* End PBXGroup section */

/* Begin PBXNativeTarget section */
		729E570D22BE61F70039C08A /* Tote */ = {
			isa = PBXNativeTarget;
			buildConfigurationList = 729E572B22BE61F80039C08A /* Build configuration list for PBXNativeTarget "Tote" */;
			buildPhases = (
				729E570A22BE61F70039C08A /* Sources */,
				729E570B22BE61F70039C08A /* Frameworks */,
				729E570C22BE61F70039C08A /* Resources */,
			);
			buildRules = (
			);
			dependencies = (
			);
			name = Tote;
			productName = Tote;
			productReference = 729E570E22BE61F70039C08A /* Tote.app */;
			productType = "com.apple.product-type.application";
		};
		729E572122BE61F80039C08A /* ToteTests */ = {
			isa = PBXNativeTarget;
			buildConfigurationList = 729E572E22BE61F80039C08A /* Build configuration list for PBXNativeTarget "ToteTests" */;
			buildPhases = (
				729E571E22BE61F80039C08A /* Sources */,
				729E571F22BE61F80039C08A /* Frameworks */,
				729E572022BE61F80039C08A /* Resources */,
			);
			buildRules = (
			);
			dependencies = (
				729E572422BE61F80039C08A /* PBXTargetDependency */,
			);
			name = ToteTests;
			productName = ToteTests;
			productReference = 729E572222BE61F80039C08A /* ToteTests.xctest */;
			productType = "com.apple.product-type.bundle.unit-test";
		};
/* End PBXNativeTarget section */

/* Begin PBXProject section */
		729E570622BE61F70039C08A /* Project object */ = {
			isa = PBXProject;
			attributes = {
				LastSwiftUpdateCheck = 1020;
				LastUpgradeCheck = 1020;
				ORGANIZATIONNAME = "Brian Michel";
				TargetAttributes = {
					729E570D22BE61F70039C08A = {
						CreatedOnToolsVersion = 10.2.1;
					};
					729E572122BE61F80039C08A = {
						CreatedOnToolsVersion = 10.2.1;
						TestTargetID = 729E570D22BE61F70039C08A;
					};
				};
			};
			buildConfigurationList = 729E570922BE61F70039C08A /* Build configuration list for PBXProject "Tote" */;
			compatibilityVersion = "Xcode 9.3";
			developmentRegion = en;
			hasScannedForEncodings = 0;
			knownRegions = (
				en,
				Base,
			);
			mainGroup = 729E570522BE61F70039C08A;
			productRefGroup = 729E570F22BE61F70039C08A /* Products */;
			projectDirPath = "";
			projectRoot = "";
			targets = (
				729E570D22BE61F70039C08A /* Tote */,
				729E572122BE61F80039C08A /* ToteTests */,
			);
		};
/* End PBXProject section */

/* Begin PBXResourcesBuildPhase section */
		729E570C22BE61F70039C08A /* Resources */ = {
			isa = PBXResourcesBuildPhase;
			buildActionMask = 2147483647;
			files = (
				729E571C22BE61F80039C08A /* LaunchScreen.storyboard in Resources */,
				729E571922BE61F80039C08A /* Assets.xcassets in Resources */,
			);
			runOnlyForDeploymentPostprocessing = 0;
		};
		729E572022BE61F80039C08A /* Resources */ = {
			isa = PBXResourcesBuildPhase;
			buildActionMask = 2147483647;
			files = (
			);
			runOnlyForDeploymentPostprocessing = 0;
		};
/* End PBXResourcesBuildPhase section */

/* Begin PBXSourcesBuildPhase section */
		729E570A22BE61F70039C08A /* Sources */ = {
			isa = PBXSourcesBuildPhase;
			buildActionMask = 2147483647;
			files = (
				729E571422BE61F70039C08A /* RootViewController.swift in Sources */,
				729E573722BE64A60039C08A /* CameraAPI.swift in Sources */,
				729E573B22BE683E0039C08A /* CameraAPIEndpoints+Extensions.swift in Sources */,
				729E574122BE6F260039C08A /* PhotosListResponse.swift in Sources */,
				729E574322BE70610039C08A /* Response.swift in Sources */,
				729E571222BE61F70039C08A /* AppDelegate.swift in Sources */,
				729E573E22BE68FB0039C08A /* Result.swift in Sources */,
				729E573322BE62FE0039C08A /* ApplicationCoordinator.swift in Sources */,
				729E573922BE681D0039C08A /* CameraAPIEndpoints.swift in Sources */,
			);
			runOnlyForDeploymentPostprocessing = 0;
		};
		729E571E22BE61F80039C08A /* Sources */ = {
			isa = PBXSourcesBuildPhase;
			buildActionMask = 2147483647;
			files = (
				729E572722BE61F80039C08A /* ToteTests.swift in Sources */,
			);
			runOnlyForDeploymentPostprocessing = 0;
		};
/* End PBXSourcesBuildPhase section */

/* Begin PBXTargetDependency section */
		729E572422BE61F80039C08A /* PBXTargetDependency */ = {
			isa = PBXTargetDependency;
			target = 729E570D22BE61F70039C08A /* Tote */;
			targetProxy = 729E572322BE61F80039C08A /* PBXContainerItemProxy */;
		};
/* End PBXTargetDependency section */

/* Begin PBXVariantGroup section */
		729E571A22BE61F80039C08A /* LaunchScreen.storyboard */ = {
			isa = PBXVariantGroup;
			children = (
				729E571B22BE61F80039C08A /* Base */,
			);
			name = LaunchScreen.storyboard;
			sourceTree = "<group>";
		};
/* End PBXVariantGroup section */

/* Begin XCBuildConfiguration section */
		729E572922BE61F80039C08A /* Debug */ = {
			isa = XCBuildConfiguration;
			buildSettings = {
				ALWAYS_SEARCH_USER_PATHS = NO;
				CLANG_ANALYZER_NONNULL = YES;
				CLANG_ANALYZER_NUMBER_OBJECT_CONVERSION = YES_AGGRESSIVE;
				CLANG_CXX_LANGUAGE_STANDARD = "gnu++14";
				CLANG_CXX_LIBRARY = "libc++";
				CLANG_ENABLE_MODULES = YES;
				CLANG_ENABLE_OBJC_ARC = YES;
				CLANG_ENABLE_OBJC_WEAK = YES;
				CLANG_WARN_BLOCK_CAPTURE_AUTORELEASING = YES;
				CLANG_WARN_BOOL_CONVERSION = YES;
				CLANG_WARN_COMMA = YES;
				CLANG_WARN_CONSTANT_CONVERSION = YES;
				CLANG_WARN_DEPRECATED_OBJC_IMPLEMENTATIONS = YES;
				CLANG_WARN_DIRECT_OBJC_ISA_USAGE = YES_ERROR;
				CLANG_WARN_DOCUMENTATION_COMMENTS = YES;
				CLANG_WARN_EMPTY_BODY = YES;
				CLANG_WARN_ENUM_CONVERSION = YES;
				CLANG_WARN_INFINITE_RECURSION = YES;
				CLANG_WARN_INT_CONVERSION = YES;
				CLANG_WARN_NON_LITERAL_NULL_CONVERSION = YES;
				CLANG_WARN_OBJC_IMPLICIT_RETAIN_SELF = YES;
				CLANG_WARN_OBJC_LITERAL_CONVERSION = YES;
				CLANG_WARN_OBJC_ROOT_CLASS = YES_ERROR;
				CLANG_WARN_RANGE_LOOP_ANALYSIS = YES;
				CLANG_WARN_STRICT_PROTOTYPES = YES;
				CLANG_WARN_SUSPICIOUS_MOVE = YES;
				CLANG_WARN_UNGUARDED_AVAILABILITY = YES_AGGRESSIVE;
				CLANG_WARN_UNREACHABLE_CODE = YES;
				CLANG_WARN__DUPLICATE_METHOD_MATCH = YES;
				CODE_SIGN_IDENTITY = "iPhone Developer";
				COPY_PHASE_STRIP = NO;
				DEBUG_INFORMATION_FORMAT = dwarf;
				ENABLE_STRICT_OBJC_MSGSEND = YES;
				ENABLE_TESTABILITY = YES;
				GCC_C_LANGUAGE_STANDARD = gnu11;
				GCC_DYNAMIC_NO_PIC = NO;
				GCC_NO_COMMON_BLOCKS = YES;
				GCC_OPTIMIZATION_LEVEL = 0;
				GCC_PREPROCESSOR_DEFINITIONS = (
					"DEBUG=1",
					"$(inherited)",
				);
				GCC_WARN_64_TO_32_BIT_CONVERSION = YES;
				GCC_WARN_ABOUT_RETURN_TYPE = YES_ERROR;
				GCC_WARN_UNDECLARED_SELECTOR = YES;
				GCC_WARN_UNINITIALIZED_AUTOS = YES_AGGRESSIVE;
				GCC_WARN_UNUSED_FUNCTION = YES;
				GCC_WARN_UNUSED_VARIABLE = YES;
				IPHONEOS_DEPLOYMENT_TARGET = 12.2;
				MTL_ENABLE_DEBUG_INFO = INCLUDE_SOURCE;
				MTL_FAST_MATH = YES;
				ONLY_ACTIVE_ARCH = YES;
				SDKROOT = iphoneos;
				SWIFT_ACTIVE_COMPILATION_CONDITIONS = DEBUG;
				SWIFT_OPTIMIZATION_LEVEL = "-Onone";
			};
			name = Debug;
		};
		729E572A22BE61F80039C08A /* Release */ = {
			isa = XCBuildConfiguration;
			buildSettings = {
				ALWAYS_SEARCH_USER_PATHS = NO;
				CLANG_ANALYZER_NONNULL = YES;
				CLANG_ANALYZER_NUMBER_OBJECT_CONVERSION = YES_AGGRESSIVE;
				CLANG_CXX_LANGUAGE_STANDARD = "gnu++14";
				CLANG_CXX_LIBRARY = "libc++";
				CLANG_ENABLE_MODULES = YES;
				CLANG_ENABLE_OBJC_ARC = YES;
				CLANG_ENABLE_OBJC_WEAK = YES;
				CLANG_WARN_BLOCK_CAPTURE_AUTORELEASING = YES;
				CLANG_WARN_BOOL_CONVERSION = YES;
				CLANG_WARN_COMMA = YES;
				CLANG_WARN_CONSTANT_CONVERSION = YES;
				CLANG_WARN_DEPRECATED_OBJC_IMPLEMENTATIONS = YES;
				CLANG_WARN_DIRECT_OBJC_ISA_USAGE = YES_ERROR;
				CLANG_WARN_DOCUMENTATION_COMMENTS = YES;
				CLANG_WARN_EMPTY_BODY = YES;
				CLANG_WARN_ENUM_CONVERSION = YES;
				CLANG_WARN_INFINITE_RECURSION = YES;
				CLANG_WARN_INT_CONVERSION = YES;
				CLANG_WARN_NON_LITERAL_NULL_CONVERSION = YES;
				CLANG_WARN_OBJC_IMPLICIT_RETAIN_SELF = YES;
				CLANG_WARN_OBJC_LITERAL_CONVERSION = YES;
				CLANG_WARN_OBJC_ROOT_CLASS = YES_ERROR;
				CLANG_WARN_RANGE_LOOP_ANALYSIS = YES;
				CLANG_WARN_STRICT_PROTOTYPES = YES;
				CLANG_WARN_SUSPICIOUS_MOVE = YES;
				CLANG_WARN_UNGUARDED_AVAILABILITY = YES_AGGRESSIVE;
				CLANG_WARN_UNREACHABLE_CODE = YES;
				CLANG_WARN__DUPLICATE_METHOD_MATCH = YES;
				CODE_SIGN_IDENTITY = "iPhone Developer";
				COPY_PHASE_STRIP = NO;
				DEBUG_INFORMATION_FORMAT = "dwarf-with-dsym";
				ENABLE_NS_ASSERTIONS = NO;
				ENABLE_STRICT_OBJC_MSGSEND = YES;
				GCC_C_LANGUAGE_STANDARD = gnu11;
				GCC_NO_COMMON_BLOCKS = YES;
				GCC_WARN_64_TO_32_BIT_CONVERSION = YES;
				GCC_WARN_ABOUT_RETURN_TYPE = YES_ERROR;
				GCC_WARN_UNDECLARED_SELECTOR = YES;
				GCC_WARN_UNINITIALIZED_AUTOS = YES_AGGRESSIVE;
				GCC_WARN_UNUSED_FUNCTION = YES;
				GCC_WARN_UNUSED_VARIABLE = YES;
				IPHONEOS_DEPLOYMENT_TARGET = 12.2;
				MTL_ENABLE_DEBUG_INFO = NO;
				MTL_FAST_MATH = YES;
				SDKROOT = iphoneos;
				SWIFT_COMPILATION_MODE = wholemodule;
				SWIFT_OPTIMIZATION_LEVEL = "-O";
				VALIDATE_PRODUCT = YES;
			};
			name = Release;
		};
		729E572C22BE61F80039C08A /* Debug */ = {
			isa = XCBuildConfiguration;
			buildSettings = {
				ASSETCATALOG_COMPILER_APPICON_NAME = AppIcon;
				CODE_SIGN_STYLE = Automatic;
				DEVELOPMENT_TEAM = YN24FFRTC8;
				INFOPLIST_FILE = Tote/Info.plist;
				LD_RUNPATH_SEARCH_PATHS = (
					"$(inherited)",
					"@executable_path/Frameworks",
				);
				PRODUCT_BUNDLE_IDENTIFIER = me.foureyes.Tote;
				PRODUCT_NAME = "$(TARGET_NAME)";
				SWIFT_VERSION = 5.0;
				TARGETED_DEVICE_FAMILY = "1,2";
			};
			name = Debug;
		};
		729E572D22BE61F80039C08A /* Release */ = {
			isa = XCBuildConfiguration;
			buildSettings = {
				ASSETCATALOG_COMPILER_APPICON_NAME = AppIcon;
				CODE_SIGN_STYLE = Automatic;
				DEVELOPMENT_TEAM = YN24FFRTC8;
				INFOPLIST_FILE = Tote/Info.plist;
				LD_RUNPATH_SEARCH_PATHS = (
					"$(inherited)",
					"@executable_path/Frameworks",
				);
				PRODUCT_BUNDLE_IDENTIFIER = me.foureyes.Tote;
				PRODUCT_NAME = "$(TARGET_NAME)";
				SWIFT_VERSION = 5.0;
				TARGETED_DEVICE_FAMILY = "1,2";
			};
			name = Release;
		};
		729E572F22BE61F80039C08A /* Debug */ = {
			isa = XCBuildConfiguration;
			buildSettings = {
				ALWAYS_EMBED_SWIFT_STANDARD_LIBRARIES = YES;
				BUNDLE_LOADER = "$(TEST_HOST)";
				CODE_SIGN_STYLE = Automatic;
				DEVELOPMENT_TEAM = YN24FFRTC8;
				INFOPLIST_FILE = ToteTests/Info.plist;
				LD_RUNPATH_SEARCH_PATHS = (
					"$(inherited)",
					"@executable_path/Frameworks",
					"@loader_path/Frameworks",
				);
				PRODUCT_BUNDLE_IDENTIFIER = me.foureyes.ToteTests;
				PRODUCT_NAME = "$(TARGET_NAME)";
				SWIFT_VERSION = 5.0;
				TARGETED_DEVICE_FAMILY = "1,2";
				TEST_HOST = "$(BUILT_PRODUCTS_DIR)/Tote.app/Tote";
			};
			name = Debug;
		};
		729E573022BE61F80039C08A /* Release */ = {
			isa = XCBuildConfiguration;
			buildSettings = {
				ALWAYS_EMBED_SWIFT_STANDARD_LIBRARIES = YES;
				BUNDLE_LOADER = "$(TEST_HOST)";
				CODE_SIGN_STYLE = Automatic;
				DEVELOPMENT_TEAM = YN24FFRTC8;
				INFOPLIST_FILE = ToteTests/Info.plist;
				LD_RUNPATH_SEARCH_PATHS = (
					"$(inherited)",
					"@executable_path/Frameworks",
					"@loader_path/Frameworks",
				);
				PRODUCT_BUNDLE_IDENTIFIER = me.foureyes.ToteTests;
				PRODUCT_NAME = "$(TARGET_NAME)";
				SWIFT_VERSION = 5.0;
				TARGETED_DEVICE_FAMILY = "1,2";
				TEST_HOST = "$(BUILT_PRODUCTS_DIR)/Tote.app/Tote";
			};
			name = Release;
		};
/* End XCBuildConfiguration section */

/* Begin XCConfigurationList section */
		729E570922BE61F70039C08A /* Build configuration list for PBXProject "Tote" */ = {
			isa = XCConfigurationList;
			buildConfigurations = (
				729E572922BE61F80039C08A /* Debug */,
				729E572A22BE61F80039C08A /* Release */,
			);
			defaultConfigurationIsVisible = 0;
			defaultConfigurationName = Release;
		};
		729E572B22BE61F80039C08A /* Build configuration list for PBXNativeTarget "Tote" */ = {
			isa = XCConfigurationList;
			buildConfigurations = (
				729E572C22BE61F80039C08A /* Debug */,
				729E572D22BE61F80039C08A /* Release */,
			);
			defaultConfigurationIsVisible = 0;
			defaultConfigurationName = Release;
		};
		729E572E22BE61F80039C08A /* Build configuration list for PBXNativeTarget "ToteTests" */ = {
			isa = XCConfigurationList;
			buildConfigurations = (
				729E572F22BE61F80039C08A /* Debug */,
				729E573022BE61F80039C08A /* Release */,
			);
			defaultConfigurationIsVisible = 0;
			defaultConfigurationName = Release;
		};
/* End XCConfigurationList section */
	};
	rootObject = 729E570622BE61F70039C08A /* Project object */;
}
